{
  "version": 4,
  "terraform_version": "1.0.11",
  "serial": 9,
  "lineage": "c7c0a4e0-d663-2c19-c373-12d659998064",
  "outputs": {},
  "resources": [
    {
      "mode": "managed",
      "type": "aws_ami_from_instance",
      "name": "Clone_of_DEV-MiB2C-APP1",
      "provider": "provider[\"registry.terraform.io/hashicorp/aws\"]",
      "instances": [
        {
          "schema_version": 0,
          "attributes": {
            "architecture": "x86_64",
            "arn": "arn:aws:ec2:eu-west-2::image/ami-012a217142de9fa27",
            "description": "",
            "ebs_block_device": [
              {
                "delete_on_termination": false,
                "device_name": "/dev/sda1",
                "encrypted": false,
                "iops": 0,
                "snapshot_id": "snap-0dff544c6eabae90f",
                "throughput": 0,
                "volume_size": 40,
                "volume_type": "gp2"
              }
            ],
            "ena_support": true,
            "ephemeral_block_device": [],
            "hypervisor": "xen",
            "id": "ami-012a217142de9fa27",
            "image_location": "320085357126/Clone_of_DEV-MiB2C-APP1",
            "image_owner_alias": "",
            "image_type": "machine",
            "kernel_id": "",
            "manage_ebs_snapshots": true,
            "name": "Clone_of_DEV-MiB2C-APP1",
            "owner_id": "320085357126",
            "platform": "",
            "platform_details": "Linux/UNIX",
            "public": false,
            "ramdisk_id": "",
            "root_device_name": "/dev/sda1",
            "root_snapshot_id": "snap-0dff544c6eabae90f",
            "snapshot_without_reboot": null,
            "source_instance_id": " i-05804a063b794a3a0",
            "sriov_net_support": "simple",
            "tags": {
              "Name": "Clone_of_DEV-MiB2C-APP1"
            },
            "tags_all": {
              "Name": "Clone_of_DEV-MiB2C-APP1"
            },
            "timeouts": null,
            "usage_operation": "RunInstances",
            "virtualization_type": "hvm"
          },
          "sensitive_attributes": [],
          "private": "eyJlMmJmYjczMC1lY2FhLTExZTYtOGY4OC0zNDM2M2JjN2M0YzAiOnsiY3JlYXRlIjoyNDAwMDAwMDAwMDAwLCJkZWxldGUiOjU0MDAwMDAwMDAwMDAsInVwZGF0ZSI6MjQwMDAwMDAwMDAwMH19"
        }
      ]
    },
    {
      "mode": "managed",
      "type": "aws_ami_from_instance",
      "name": "DEV-MiB2C-WEB1",
      "provider": "provider[\"registry.terraform.io/hashicorp/aws\"]",
      "instances": [
        {
          "schema_version": 0,
          "attributes": {
            "architecture": "x86_64",
            "arn": "arn:aws:ec2:eu-west-2::image/ami-0e220355a0e8189d3",
            "description": "",
            "ebs_block_device": [
              {
                "delete_on_termination": false,
                "device_name": "xvdf",
                "encrypted": false,
                "iops": 0,
                "snapshot_id": "snap-0f6eb52626e30787e",
                "throughput": 0,
                "volume_size": 100,
                "volume_type": "gp2"
              },
              {
                "delete_on_termination": true,
                "device_name": "/dev/sda1",
                "encrypted": false,
                "iops": 0,
                "snapshot_id": "snap-08532217a34f37b2a",
                "throughput": 0,
                "volume_size": 60,
                "volume_type": "gp2"
              }
            ],
            "ena_support": true,
            "ephemeral_block_device": [],
            "hypervisor": "xen",
            "id": "ami-0e220355a0e8189d3",
            "image_location": "320085357126/DEV-MiB2C-WEB1",
            "image_owner_alias": "",
            "image_type": "machine",
            "kernel_id": "",
            "manage_ebs_snapshots": true,
            "name": "DEV-MiB2C-WEB1",
            "owner_id": "320085357126",
            "platform": "windows",
            "platform_details": "Windows",
            "public": false,
            "ramdisk_id": "",
            "root_device_name": "/dev/sda1",
            "root_snapshot_id": "snap-08532217a34f37b2a",
            "snapshot_without_reboot": null,
            "source_instance_id": "i-06ee3423a8fbab943",
            "sriov_net_support": "simple",
            "tags": {
              "Name": "Clone_of_DEV-MiB2C-WEB1"
            },
            "tags_all": {
              "Name": "Clone_of_DEV-MiB2C-WEB1"
            },
            "timeouts": null,
            "usage_operation": "RunInstances:0002",
            "virtualization_type": "hvm"
          },
          "sensitive_attributes": [],
          "private": "eyJlMmJmYjczMC1lY2FhLTExZTYtOGY4OC0zNDM2M2JjN2M0YzAiOnsiY3JlYXRlIjoyNDAwMDAwMDAwMDAwLCJkZWxldGUiOjU0MDAwMDAwMDAwMDAsInVwZGF0ZSI6MjQwMDAwMDAwMDAwMH19"
        }
      ]
    },
    {
      "mode": "managed",
      "type": "aws_eip_association",
      "name": "STG-MiB2C-APP1",
      "provider": "provider[\"registry.terraform.io/hashicorp/aws\"]",
      "instances": [
        {
          "schema_version": 0,
          "attributes": {
            "allocation_id": "eipalloc-03171b584691fd264",
            "allow_reassociation": null,
            "id": "eipassoc-046cac704eb7fa5d4",
            "instance_id": "i-0708c66c37e1d4848",
            "network_interface_id": "eni-044d92364423d5e5b",
            "private_ip_address": "10.140.1.103",
            "public_ip": "18.169.229.28"
          },
          "sensitive_attributes": [],
          "private": "bnVsbA==",
          "dependencies": [
            "aws_ami_from_instance.Clone_of_DEV-MiB2C-APP1",
            "aws_instance.STG-MiB2C-APP1"
          ]
        }
      ]
    },
    {
      "mode": "managed",
      "type": "aws_eip_association",
      "name": "STG-MiB2C-WEB1",
      "provider": "provider[\"registry.terraform.io/hashicorp/aws\"]",
      "instances": [
        {
          "schema_version": 0,
          "attributes": {
            "allocation_id": "eipalloc-09a8f083216eaeff9",
            "allow_reassociation": null,
            "id": "eipassoc-02fa481ac4e115e63",
            "instance_id": "i-0cfd6d0aca36fca83",
            "network_interface_id": "eni-018fd59d018415cdb",
            "private_ip_address": "10.140.1.104",
            "public_ip": "18.169.148.75"
          },
          "sensitive_attributes": [],
          "private": "bnVsbA==",
          "dependencies": [
            "aws_instance.STG-MiB2C-WEB1"
          ]
        }
      ]
    },
    {
      "mode": "managed",
      "type": "aws_instance",
      "name": "STG-MiB2C-APP1",
      "provider": "provider[\"registry.terraform.io/hashicorp/aws\"]",
      "instances": [
        {
          "schema_version": 1,
          "attributes": {
            "ami": "ami-012a217142de9fa27",
            "arn": "arn:aws:ec2:eu-west-2:320085357126:instance/i-0708c66c37e1d4848",
            "associate_public_ip_address": true,
            "availability_zone": "eu-west-2a",
            "capacity_reservation_specification": [
              {
                "capacity_reservation_preference": "open",
                "capacity_reservation_target": []
              }
            ],
            "cpu_core_count": 1,
            "cpu_threads_per_core": 2,
            "credit_specification": [
              {
                "cpu_credits": "unlimited"
              }
            ],
            "disable_api_termination": true,
            "ebs_block_device": [],
            "ebs_optimized": false,
            "enclave_options": [
              {
                "enabled": false
              }
            ],
            "ephemeral_block_device": [],
            "get_password_data": false,
            "hibernation": false,
            "host_id": null,
            "iam_instance_profile": "Miomni-Sys-Man-Role",
            "id": "i-0708c66c37e1d4848",
            "instance_initiated_shutdown_behavior": "stop",
            "instance_state": "running",
            "instance_type": "t3.small",
            "ipv6_address_count": 0,
            "ipv6_addresses": [],
            "key_name": "Miomni-STG",
            "metadata_options": [
              {
                "http_endpoint": "enabled",
                "http_put_response_hop_limit": 1,
                "http_tokens": "optional"
              }
            ],
            "monitoring": false,
            "network_interface": [],
            "outpost_arn": "",
            "password_data": "",
            "placement_group": "",
            "primary_network_interface_id": "eni-044d92364423d5e5b",
            "private_dns": "ip-10-140-1-103.eu-west-2.compute.internal",
            "private_ip": "10.140.1.103",
            "public_dns": "ec2-18-169-229-28.eu-west-2.compute.amazonaws.com",
            "public_ip": "18.169.229.28",
            "root_block_device": [
              {
                "delete_on_termination": false,
                "device_name": "/dev/sda1",
                "encrypted": false,
                "iops": 120,
                "kms_key_id": "",
                "tags": {},
                "throughput": 0,
                "volume_id": "vol-0bfe0845ce69e1c45",
                "volume_size": 40,
                "volume_type": "gp2"
              }
            ],
            "secondary_private_ips": [],
            "security_groups": [],
            "source_dest_check": true,
            "subnet_id": "subnet-0fb419c5b9fe776f1",
            "tags": {
              "Environment": "STG",
              "Name": "STG-MiB2C-APP1",
              "Schedule": "uk-office-hours",
              "schedstarted": "true"
            },
            "tags_all": {
              "Environment": "STG",
              "Name": "STG-MiB2C-APP1",
              "Schedule": "uk-office-hours",
              "schedstarted": "true"
            },
            "tenancy": "default",
            "timeouts": null,
            "user_data": null,
            "user_data_base64": null,
            "volume_tags": {
              "Environment": "STG"
            },
            "vpc_security_group_ids": [
              "sg-00a2be6400569c933",
              "sg-0d62d21ae4ec57314"
            ]
          },
          "sensitive_attributes": [],
          "private": "eyJlMmJmYjczMC1lY2FhLTExZTYtOGY4OC0zNDM2M2JjN2M0YzAiOnsiY3JlYXRlIjo2MDAwMDAwMDAwMDAsImRlbGV0ZSI6MTIwMDAwMDAwMDAwMCwidXBkYXRlIjo2MDAwMDAwMDAwMDB9LCJzY2hlbWFfdmVyc2lvbiI6IjEifQ==",
          "dependencies": [
            "aws_ami_from_instance.Clone_of_DEV-MiB2C-APP1"
          ]
        }
      ]
    },
    {
      "mode": "managed",
      "type": "aws_instance",
      "name": "STG-MiB2C-WEB1",
      "provider": "provider[\"registry.terraform.io/hashicorp/aws\"]",
      "instances": [
        {
          "schema_version": 1,
          "attributes": {
            "ami": "ami-06f229aee4f17c1d0",
            "arn": "arn:aws:ec2:eu-west-2:320085357126:instance/i-0cfd6d0aca36fca83",
            "associate_public_ip_address": true,
            "availability_zone": "eu-west-2a",
            "capacity_reservation_specification": [
              {
                "capacity_reservation_preference": "open",
                "capacity_reservation_target": []
              }
            ],
            "cpu_core_count": 2,
            "cpu_threads_per_core": 1,
            "credit_specification": [
              {
                "cpu_credits": "standard"
              }
            ],
            "disable_api_termination": true,
            "ebs_block_device": [
              {
                "delete_on_termination": true,
                "device_name": "xvdf",
                "encrypted": false,
                "iops": 300,
                "kms_key_id": "",
                "snapshot_id": "snap-09a2a30dccac65507",
                "tags": {},
                "throughput": 0,
                "volume_id": "vol-0966379face33848d",
                "volume_size": 100,
                "volume_type": "gp2"
              }
            ],
            "ebs_optimized": false,
            "enclave_options": [
              {
                "enabled": false
              }
            ],
            "ephemeral_block_device": [],
            "get_password_data": false,
            "hibernation": false,
            "host_id": null,
            "iam_instance_profile": "Miomni-Sys-Man-Role",
            "id": "i-0cfd6d0aca36fca83",
            "instance_initiated_shutdown_behavior": "stop",
            "instance_state": "running",
            "instance_type": "t2.large",
            "ipv6_address_count": 0,
            "ipv6_addresses": [],
            "key_name": "Miomni-STG",
            "metadata_options": [
              {
                "http_endpoint": "enabled",
                "http_put_response_hop_limit": 1,
                "http_tokens": "optional"
              }
            ],
            "monitoring": false,
            "network_interface": [],
            "outpost_arn": "",
            "password_data": "",
            "placement_group": "",
            "primary_network_interface_id": "eni-018fd59d018415cdb",
            "private_dns": "ip-10-140-1-104.eu-west-2.compute.internal",
            "private_ip": "10.140.1.104",
            "public_dns": "ec2-18-169-148-75.eu-west-2.compute.amazonaws.com",
            "public_ip": "18.169.148.75",
            "root_block_device": [
              {
                "delete_on_termination": true,
                "device_name": "/dev/sda1",
                "encrypted": false,
                "iops": 180,
                "kms_key_id": "",
                "tags": {},
                "throughput": 0,
                "volume_id": "vol-0876841e36dbc2fce",
                "volume_size": 60,
                "volume_type": "gp2"
              }
            ],
            "secondary_private_ips": [],
            "security_groups": [],
            "source_dest_check": true,
            "subnet_id": "subnet-0fb419c5b9fe776f1",
            "tags": {
              "Environment": "STG",
              "Name": "STG-MiB2C-WEB1",
              "Schedule": "uk-office-hours",
              "schedstarted": "true"
            },
            "tags_all": {
              "Environment": "STG",
              "Name": "STG-MiB2C-WEB1",
              "Schedule": "uk-office-hours",
              "schedstarted": "true"
            },
            "tenancy": "default",
            "timeouts": null,
            "user_data": null,
            "user_data_base64": null,
            "volume_tags": {
              "Environment": "STG"
            },
            "vpc_security_group_ids": [
              "sg-035b5502266478545",
              "sg-0d62d21ae4ec57314"
            ]
          },
          "sensitive_attributes": [],
          "private": "eyJlMmJmYjczMC1lY2FhLTExZTYtOGY4OC0zNDM2M2JjN2M0YzAiOnsiY3JlYXRlIjo2MDAwMDAwMDAwMDAsImRlbGV0ZSI6MTIwMDAwMDAwMDAwMCwidXBkYXRlIjo2MDAwMDAwMDAwMDB9LCJzY2hlbWFfdmVyc2lvbiI6IjEifQ=="
        }
      ]
    }
  ]
}
