{
  "version": 4,
  "terraform_version": "1.5.5",
  "serial": 41,
  "lineage": "02d8ff2b-5a47-b5b4-ac16-80f9deac6f12",
  "outputs": {},
  "resources": [
    {
      "module": "module.vnet",
      "mode": "managed",
      "type": "azurerm_resource_group",
      "name": "rg",
      "provider": "provider[\"registry.terraform.io/hashicorp/azurerm\"]",
      "instances": [
        {
          "schema_version": 0,
          "attributes": {
            "id": "/subscriptions/f644ce8c-6f31-4671-b02e-08f7945432e0/resourceGroups/tf_ResourceGroup",
            "location": "uksouth",
            "name": "tf_ResourceGroup",
            "tags": {
              "Environment": "Terraform jamiegf environment",
              "Team": "DevOps"
            },
            "timeouts": null
          },
          "sensitive_attributes": [],
          "private": "eyJlMmJmYjczMC1lY2FhLTExZTYtOGY4OC0zNDM2M2JjN2M0YzAiOnsiY3JlYXRlIjo1NDAwMDAwMDAwMDAwLCJkZWxldGUiOjU0MDAwMDAwMDAwMDAsInJlYWQiOjMwMDAwMDAwMDAwMCwidXBkYXRlIjo1NDAwMDAwMDAwMDAwfX0="
        }
      ]
    },
    {
      "module": "module.vnet",
      "mode": "managed",
      "type": "azurerm_subnet",
      "name": "main_subnet",
      "provider": "provider[\"registry.terraform.io/hashicorp/azurerm\"]",
      "instances": [
        {
          "schema_version": 0,
          "attributes": {
            "address_prefixes": [
              "10.0.1.0/24"
            ],
            "delegation": [],
            "enforce_private_link_endpoint_network_policies": false,
            "enforce_private_link_service_network_policies": false,
            "id": "/subscriptions/f644ce8c-6f31-4671-b02e-08f7945432e0/resourceGroups/tf_ResourceGroup/providers/Microsoft.Network/virtualNetworks/tf-jamiegf-vnet/subnets/tf_main_subnet",
            "name": "tf_main_subnet",
            "resource_group": "tf_ResourceGroup",
            "service_endpoint_policy_ids": [],
            "service_endpoints": [],
            "timeouts": null,
            "virtual_network": "tf-jamiegf-vnet"
          },
          "sensitive_attributes": [],
          "private": "eyJlMmJmYjczMC1lY2FhLTExZTYtOGY4OC0zNDM2M2JjN2M0YzAiOnsiY3JlYXRlIjoxODAwMDAwMDAwMDAwLCJkZWxldGUiOjE4MDAwMDAwMDAwMDAsInJlYWQiOjMwMDAwMDAwMDAwMCwidXBkYXRlIjoxODAwMDAwMDAwMDAwfX0=",
          "dependencies": [
            "module.vnet.azurerm_resource_group.rg",
            "module.vnet.azurerm_virtual_network.vnet"
          ]
        }
      ]
    },
    {
      "module": "module.vnet",
      "mode": "managed",
      "type": "azurerm_virtual_network",
      "name": "vnet",
      "provider": "provider[\"registry.terraform.io/hashicorp/azurerm\"]",
      "instances": [
        {
          "schema_version": 0,
          "attributes": {
            "address_space": [
              "10.0.0.0/16"
            ],
            "bgp_community": "",
            "ddos_protection_plan": [],
            "dns_servers": [],
            "edge_zone": "",
            "flow_timeout_in_minutes": 0,
            "guid": "c639c0b2-764d-4d87-8a8a-d3eab1a3bc82",
            "id": "/subscriptions/f644ce8c-6f31-4671-b02e-08f7945432e0/resourceGroups/tf_ResourceGroup/providers/Microsoft.Network/virtualNetworks/tf-jamiegf-vnet",
            "location": "uksouth",
            "name": "tf-jamiegf-vnet",
            "resource_group": "tf_ResourceGroup",
            "subnet": [
              {
                "address_prefix": "10.0.1.0/24",
                "id": "/subscriptions/f644ce8c-6f31-4671-b02e-08f7945432e0/resourceGroups/tf_ResourceGroup/providers/Microsoft.Network/virtualNetworks/tf-jamiegf-vnet/subnets/tf_main_subnet",
                "name": "tf_main_subnet",
                "security_group": ""
              },
              {
                "address_prefix": "10.0.55.0/24",
                "id": "/subscriptions/f644ce8c-6f31-4671-b02e-08f7945432e0/resourceGroups/tf_ResourceGroup/providers/Microsoft.Network/virtualNetworks/tf-jamiegf-vnet/subnets/AzureBastionSubnet",
                "name": "AzureBastionSubnet",
                "security_group": ""
              },
              {
                "address_prefix": "10.0.7.0/24",
                "id": "/subscriptions/f644ce8c-6f31-4671-b02e-08f7945432e0/resourceGroups/tf_ResourceGroup/providers/Microsoft.Network/virtualNetworks/tf-jamiegf-vnet/subnets/tf_scale_set_subnet",
                "name": "tf_scale_set_subnet",
                "security_group": ""
              }
            ],
            "tags": {},
            "timeouts": null
          },
          "sensitive_attributes": [],
          "private": "eyJlMmJmYjczMC1lY2FhLTExZTYtOGY4OC0zNDM2M2JjN2M0YzAiOnsiY3JlYXRlIjoxODAwMDAwMDAwMDAwLCJkZWxldGUiOjE4MDAwMDAwMDAwMDAsInJlYWQiOjMwMDAwMDAwMDAwMCwidXBkYXRlIjoxODAwMDAwMDAwMDAwfX0=",
          "dependencies": [
            "module.vnet.azurerm_resource_group.rg"
          ]
        }
      ]
    }
  ],
  "check_results": null
}
