{
  "version": 4,
  "terraform_version": "1.5.5",
  "serial": 20,
  "lineage": "274b0edb-1b45-4495-7e95-809540d27a3f",
  "outputs": {
    "resource_group_id": {
      "value": "/subscriptions/f644ce8c-6f31-4671-b02e-08f7945432e0/resourceGroups/jamiegf_ResourceGroup",
      "type": "string"
    }
  },
  "resources": [
    {
      "mode": "managed",
      "type": "azurerm_resource_group",
      "name": "rg",
      "provider": "provider[\"registry.terraform.io/hashicorp/azurerm\"]",
      "instances": [
        {
          "schema_version": 0,
          "attributes": {
            "id": "/subscriptions/f644ce8c-6f31-4671-b02e-08f7945432e0/resourceGroups/jamiegf_ResourceGroup",
            "location": "uksouth",
            "name": "jamiegf_ResourceGroup",
            "tags": {
              "Environment": "Terraform jamiegf environment",
              "Team": "DevOps"
            },
            "timeouts": null
          },
          "sensitive_attributes": [],
          "private": "eyJlMmJmYjczMC1lY2FhLTExZTYtOGY4OC0zNDM2M2JjN2M0YzAiOnsiY3JlYXRlIjo1NDAwMDAwMDAwMDAwLCJkZWxldGUiOjU0MDAwMDAwMDAwMDAsInJlYWQiOjMwMDAwMDAwMDAwMCwidXBkYXRlIjo1NDAwMDAwMDAwMDAwfX0="
        }
      ]
    },
    {
      "mode": "managed",
      "type": "azurerm_virtual_network",
      "name": "vnet",
      "provider": "provider[\"registry.terraform.io/hashicorp/azurerm\"]",
      "instances": [
        {
          "schema_version": 0,
          "attributes": {
            "address_space": [
              "10.0.0.0/16"
            ],
            "bgp_community": "",
            "ddos_protection_plan": [],
            "dns_servers": [],
            "edge_zone": "",
            "flow_timeout_in_minutes": 0,
            "guid": "ef044d77-a771-4e63-ad9e-b3a17f2bb6e8",
            "id": "/subscriptions/f644ce8c-6f31-4671-b02e-08f7945432e0/resourceGroups/jamiegf_ResourceGroup/providers/Microsoft.Network/virtualNetworks/jamiegfVnet",
            "location": "uksouth",
            "name": "jamiegfVnet",
            "resource_group_name": "jamiegf_ResourceGroup",
            "subnet": [],
            "tags": {},
            "timeouts": null
          },
          "sensitive_attributes": [],
          "private": "eyJlMmJmYjczMC1lY2FhLTExZTYtOGY4OC0zNDM2M2JjN2M0YzAiOnsiY3JlYXRlIjoxODAwMDAwMDAwMDAwLCJkZWxldGUiOjE4MDAwMDAwMDAwMDAsInJlYWQiOjMwMDAwMDAwMDAwMCwidXBkYXRlIjoxODAwMDAwMDAwMDAwfX0=",
          "dependencies": [
            "azurerm_resource_group.rg"
          ]
        }
      ]
    }
  ],
  "check_results": null
}
