{
  "version": 4,
  "terraform_version": "1.0.1",
  "serial": 5,
  "lineage": "e76cd227-612c-c191-4358-37bae1703f18",
  "outputs": {},
  "resources": [
    {
      "mode": "managed",
      "type": "aws_ami_from_instance",
      "name": "Clone_Dev-MiB2c-WEB1",
      "provider": "provider[\"registry.terraform.io/hashicorp/aws\"]",
      "instances": [
        {
          "schema_version": 0,
          "attributes": {
            "architecture": "x86_64",
            "arn": "arn:aws:ec2:eu-west-2::image/ami-0ca4432ca3e8d9225",
            "description": "",
            "ebs_block_device": [
              {
                "delete_on_termination": false,
                "device_name": "xvdf",
                "encrypted": false,
                "iops": 0,
                "snapshot_id": "snap-0b3975cafc79d6eb9",
                "throughput": 0,
                "volume_size": 100,
                "volume_type": "gp2"
              },
              {
                "delete_on_termination": true,
                "device_name": "/dev/sda1",
                "encrypted": false,
                "iops": 0,
                "snapshot_id": "snap-09541a23db7635eec",
                "throughput": 0,
                "volume_size": 60,
                "volume_type": "gp2"
              }
            ],
            "ena_support": true,
            "ephemeral_block_device": [],
            "hypervisor": "xen",
            "id": "ami-0ca4432ca3e8d9225",
            "image_location": "320085357126/Clone_Dev-MiB2c-WEB1",
            "image_owner_alias": "",
            "image_type": "machine",
            "kernel_id": "",
            "manage_ebs_snapshots": true,
            "name": "Clone_Dev-MiB2c-WEB1",
            "owner_id": "320085357126",
            "platform": "windows",
            "platform_details": "Windows",
            "public": false,
            "ramdisk_id": "",
            "root_device_name": "/dev/sda1",
            "root_snapshot_id": "snap-09541a23db7635eec",
            "snapshot_without_reboot": null,
            "source_instance_id": "i-06ee3423a8fbab943",
            "sriov_net_support": "simple",
            "tags": {
              "Name": "Clone_Dev-MiB2c-WEB1"
            },
            "tags_all": {
              "Name": "Clone_Dev-MiB2c-WEB1"
            },
            "timeouts": null,
            "usage_operation": "RunInstances:0002",
            "virtualization_type": "hvm"
          },
          "sensitive_attributes": [],
          "private": "eyJlMmJmYjczMC1lY2FhLTExZTYtOGY4OC0zNDM2M2JjN2M0YzAiOnsiY3JlYXRlIjoyNDAwMDAwMDAwMDAwLCJkZWxldGUiOjU0MDAwMDAwMDAwMDAsInVwZGF0ZSI6MjQwMDAwMDAwMDAwMH19"
        }
      ]
    },
    {
      "mode": "managed",
      "type": "aws_eip_association",
      "name": "DEV-MiB2C-MW1",
      "provider": "provider[\"registry.terraform.io/hashicorp/aws\"]",
      "instances": [
        {
          "schema_version": 0,
          "attributes": {
            "allocation_id": "eipalloc-080c1792ee69523fd",
            "allow_reassociation": null,
            "id": "eipassoc-0e2af8e44ab47cfbb",
            "instance_id": "i-029a17d2190645014",
            "network_interface_id": "eni-0176b61383aa1b4ce",
            "private_ip_address": "10.130.1.104",
            "public_ip": "18.133.50.116"
          },
          "sensitive_attributes": [],
          "private": "bnVsbA==",
          "dependencies": [
            "aws_ami_from_instance.Clone_Dev-MiB2c-WEB1",
            "aws_instance.DEV-MiB2C-MW1"
          ]
        }
      ]
    },
    {
      "mode": "managed",
      "type": "aws_instance",
      "name": "DEV-MiB2C-MW1",
      "provider": "provider[\"registry.terraform.io/hashicorp/aws\"]",
      "instances": [
        {
          "schema_version": 1,
          "attributes": {
            "ami": "ami-0ca4432ca3e8d9225",
            "arn": "arn:aws:ec2:eu-west-2:320085357126:instance/i-029a17d2190645014",
            "associate_public_ip_address": true,
            "availability_zone": "eu-west-2a",
            "capacity_reservation_specification": [
              {
                "capacity_reservation_preference": "open",
                "capacity_reservation_target": []
              }
            ],
            "cpu_core_count": 1,
            "cpu_threads_per_core": 2,
            "credit_specification": [
              {
                "cpu_credits": "unlimited"
              }
            ],
            "disable_api_termination": true,
            "ebs_block_device": [
              {
                "delete_on_termination": false,
                "device_name": "xvdf",
                "encrypted": false,
                "iops": 300,
                "kms_key_id": "",
                "snapshot_id": "snap-0b3975cafc79d6eb9",
                "tags": {},
                "throughput": 0,
                "volume_id": "vol-06b3807b1d5baa3fc",
                "volume_size": 100,
                "volume_type": "gp2"
              }
            ],
            "ebs_optimized": false,
            "enclave_options": [
              {
                "enabled": false
              }
            ],
            "ephemeral_block_device": [],
            "get_password_data": false,
            "hibernation": false,
            "host_id": null,
            "iam_instance_profile": "Miomni-Sys-Man-Role",
            "id": "i-029a17d2190645014",
            "instance_initiated_shutdown_behavior": "stop",
            "instance_state": "running",
            "instance_type": "t3.small",
            "ipv6_address_count": 0,
            "ipv6_addresses": [],
            "key_name": "Miomni-Dev",
            "launch_template": [],
            "metadata_options": [
              {
                "http_endpoint": "enabled",
                "http_put_response_hop_limit": 1,
                "http_tokens": "optional"
              }
            ],
            "monitoring": false,
            "network_interface": [],
            "outpost_arn": "",
            "password_data": "",
            "placement_group": "",
            "primary_network_interface_id": "eni-0176b61383aa1b4ce",
            "private_dns": "ip-10-130-1-104.eu-west-2.compute.internal",
            "private_ip": "10.130.1.104",
            "public_dns": "ec2-3-10-199-59.eu-west-2.compute.amazonaws.com",
            "public_ip": "3.10.199.59",
            "root_block_device": [
              {
                "delete_on_termination": true,
                "device_name": "/dev/sda1",
                "encrypted": false,
                "iops": 180,
                "kms_key_id": "",
                "tags": {},
                "throughput": 0,
                "volume_id": "vol-004d755d726d01d36",
                "volume_size": 60,
                "volume_type": "gp2"
              }
            ],
            "secondary_private_ips": [],
            "security_groups": [],
            "source_dest_check": true,
            "subnet_id": "subnet-016803066ec73fa2c",
            "tags": {
              "Environment": "DEV",
              "Name": "DEV-MiB2C-MW1"
            },
            "tags_all": {
              "Environment": "DEV",
              "Name": "DEV-MiB2C-MW1"
            },
            "tenancy": "default",
            "timeouts": null,
            "user_data": null,
            "user_data_base64": null,
            "volume_tags": {
              "Environment": "DEV",
              "SnapShot-Backup": "Daily-once"
            },
            "vpc_security_group_ids": [
              "sg-09320fe2488b146c2",
              "sg-0980c9d19fe695094",
              "sg-0acc79ea4bb848efb"
            ]
          },
          "sensitive_attributes": [],
          "private": "eyJlMmJmYjczMC1lY2FhLTExZTYtOGY4OC0zNDM2M2JjN2M0YzAiOnsiY3JlYXRlIjo2MDAwMDAwMDAwMDAsImRlbGV0ZSI6MTIwMDAwMDAwMDAwMCwidXBkYXRlIjo2MDAwMDAwMDAwMDB9LCJzY2hlbWFfdmVyc2lvbiI6IjEifQ==",
          "dependencies": [
            "aws_ami_from_instance.Clone_Dev-MiB2c-WEB1"
          ]
        }
      ]
    }
  ]
}
