{
  "version": 4,
  "terraform_version": "1.0.1",
  "serial": 5,
  "lineage": "41ed9e92-532f-bb93-a54a-a684d56f9705",
  "outputs": {},
  "resources": [
    {
      "mode": "managed",
      "type": "aws_ami_from_instance",
      "name": "Clone_DEV-MiB2C-WEB1",
      "provider": "provider[\"registry.terraform.io/hashicorp/aws\"]",
      "instances": [
        {
          "schema_version": 0,
          "attributes": {
            "architecture": "x86_64",
            "arn": "arn:aws:ec2:eu-west-2::image/ami-0d5ac05e59ed6af2a",
            "description": "",
            "ebs_block_device": [
              {
                "delete_on_termination": false,
                "device_name": "xvdf",
                "encrypted": false,
                "iops": 0,
                "snapshot_id": "snap-0ca8e185c22f82123",
                "throughput": 0,
                "volume_size": 100,
                "volume_type": "gp2"
              },
              {
                "delete_on_termination": true,
                "device_name": "/dev/sda1",
                "encrypted": false,
                "iops": 0,
                "snapshot_id": "snap-0a0276b01806db5c5",
                "throughput": 0,
                "volume_size": 60,
                "volume_type": "gp2"
              }
            ],
            "ena_support": true,
            "ephemeral_block_device": [],
            "hypervisor": "xen",
            "id": "ami-0d5ac05e59ed6af2a",
            "image_location": "320085357126/Clone_DEV-MiB2C-WEB1",
            "image_owner_alias": "",
            "image_type": "machine",
            "kernel_id": "",
            "manage_ebs_snapshots": true,
            "name": "Clone_DEV-MiB2C-WEB1",
            "owner_id": "320085357126",
            "platform": "windows",
            "platform_details": "Windows",
            "public": false,
            "ramdisk_id": "",
            "root_device_name": "/dev/sda1",
            "root_snapshot_id": "snap-0a0276b01806db5c5",
            "snapshot_without_reboot": null,
            "source_instance_id": "i-06ee3423a8fbab943",
            "sriov_net_support": "simple",
            "tags": {
              "Name": "Clone_DEV-MiB2C-WEB1"
            },
            "tags_all": {
              "Name": "Clone_DEV-MiB2C-WEB1"
            },
            "timeouts": null,
            "usage_operation": "RunInstances:0002",
            "virtualization_type": "hvm"
          },
          "sensitive_attributes": [],
          "private": "eyJlMmJmYjczMC1lY2FhLTExZTYtOGY4OC0zNDM2M2JjN2M0YzAiOnsiY3JlYXRlIjoyNDAwMDAwMDAwMDAwLCJkZWxldGUiOjU0MDAwMDAwMDAwMDAsInVwZGF0ZSI6MjQwMDAwMDAwMDAwMH19"
        }
      ]
    },
    {
      "mode": "managed",
      "type": "aws_eip_association",
      "name": "PRD-Mipool-WEB1-IP",
      "provider": "provider[\"registry.terraform.io/hashicorp/aws\"]",
      "instances": [
        {
          "schema_version": 0,
          "attributes": {
            "allocation_id": "eipalloc-010261f7bf5b6d29e",
            "allow_reassociation": null,
            "id": "eipassoc-0ef070fc262f00e8a",
            "instance_id": "i-01480d58064cccfc9",
            "network_interface_id": "eni-0410bb85afe607be3",
            "private_ip_address": "10.160.1.111",
            "public_ip": "35.179.83.92"
          },
          "sensitive_attributes": [],
          "private": "bnVsbA==",
          "dependencies": [
            "aws_ami_from_instance.Clone_DEV-MiB2C-WEB1",
            "aws_instance.PRD-MiPool-WEB1"
          ]
        }
      ]
    },
    {
      "mode": "managed",
      "type": "aws_instance",
      "name": "PRD-MiPool-WEB1",
      "provider": "provider[\"registry.terraform.io/hashicorp/aws\"]",
      "instances": [
        {
          "schema_version": 1,
          "attributes": {
            "ami": "ami-0d5ac05e59ed6af2a",
            "arn": "arn:aws:ec2:eu-west-2:320085357126:instance/i-01480d58064cccfc9",
            "associate_public_ip_address": true,
            "availability_zone": "eu-west-2a",
            "capacity_reservation_specification": [
              {
                "capacity_reservation_preference": "open",
                "capacity_reservation_target": []
              }
            ],
            "cpu_core_count": 1,
            "cpu_threads_per_core": 2,
            "credit_specification": [
              {
                "cpu_credits": "unlimited"
              }
            ],
            "disable_api_termination": true,
            "ebs_block_device": [
              {
                "delete_on_termination": false,
                "device_name": "xvdf",
                "encrypted": false,
                "iops": 300,
                "kms_key_id": "",
                "snapshot_id": "snap-0ca8e185c22f82123",
                "tags": {},
                "throughput": 0,
                "volume_id": "vol-0899ffea2eacc9669",
                "volume_size": 100,
                "volume_type": "gp2"
              }
            ],
            "ebs_optimized": false,
            "enclave_options": [
              {
                "enabled": false
              }
            ],
            "ephemeral_block_device": [],
            "get_password_data": false,
            "hibernation": false,
            "host_id": null,
            "iam_instance_profile": "Miomni-Sys-Man-Role",
            "id": "i-01480d58064cccfc9",
            "instance_initiated_shutdown_behavior": "stop",
            "instance_state": "running",
            "instance_type": "t3.large",
            "ipv6_address_count": 0,
            "ipv6_addresses": [],
            "key_name": "Miomni-Prod",
            "launch_template": [],
            "metadata_options": [
              {
                "http_endpoint": "enabled",
                "http_put_response_hop_limit": 1,
                "http_tokens": "optional"
              }
            ],
            "monitoring": false,
            "network_interface": [],
            "outpost_arn": "",
            "password_data": "",
            "placement_group": "",
            "primary_network_interface_id": "eni-0410bb85afe607be3",
            "private_dns": "ip-10-160-1-111.eu-west-2.compute.internal",
            "private_ip": "10.160.1.111",
            "public_dns": "ec2-3-10-141-125.eu-west-2.compute.amazonaws.com",
            "public_ip": "3.10.141.125",
            "root_block_device": [
              {
                "delete_on_termination": true,
                "device_name": "/dev/sda1",
                "encrypted": false,
                "iops": 180,
                "kms_key_id": "",
                "tags": {},
                "throughput": 0,
                "volume_id": "vol-06462d6cb9630680d",
                "volume_size": 60,
                "volume_type": "gp2"
              }
            ],
            "secondary_private_ips": [],
            "security_groups": [],
            "source_dest_check": true,
            "subnet_id": "subnet-07dd807442f2f5bce",
            "tags": {
              "Environment": "PRD",
              "Name": "PRD-MiPool-WEB1"
            },
            "tags_all": {
              "Environment": "PRD",
              "Name": "PRD-MiPool-WEB1"
            },
            "tenancy": "default",
            "timeouts": null,
            "user_data": null,
            "user_data_base64": null,
            "volume_tags": {
              "Environment": "PRD"
            },
            "vpc_security_group_ids": [
              "sg-00134d79da7f39cf7",
              "sg-09ac81bb22bbf9606"
            ]
          },
          "sensitive_attributes": [],
          "private": "eyJlMmJmYjczMC1lY2FhLTExZTYtOGY4OC0zNDM2M2JjN2M0YzAiOnsiY3JlYXRlIjo2MDAwMDAwMDAwMDAsImRlbGV0ZSI6MTIwMDAwMDAwMDAwMCwidXBkYXRlIjo2MDAwMDAwMDAwMDB9LCJzY2hlbWFfdmVyc2lvbiI6IjEifQ==",
          "dependencies": [
            "aws_ami_from_instance.Clone_DEV-MiB2C-WEB1"
          ]
        }
      ]
    }
  ]
}
