{
  "version": 4,
  "terraform_version": "1.5.5",
  "serial": 82,
  "lineage": "b7488e7a-ec9f-b3af-2c00-d951b606aca8",
  "outputs": {},
  "resources": [
    {
      "module": "module.vnet",
      "mode": "managed",
      "type": "azurerm_bastion_host",
      "name": "bastion_host",
      "provider": "provider[\"registry.terraform.io/hashicorp/azurerm\"]",
      "instances": [
        {
          "schema_version": 0,
          "attributes": {
            "copy_paste_enabled": true,
            "dns_name": "bst-df1d2024-7f6c-4cf2-bec7-2e4a05d6a3a8.bastion.azure.com",
            "file_copy_enabled": false,
            "id": "/subscriptions/f644ce8c-6f31-4671-b02e-08f7945432e0/resourceGroups/tf_ResourceGroup/providers/Microsoft.Network/bastionHosts/bastion_host",
            "ip_configuration": [
              {
                "name": "configuration",
                "public_ip_address_id": "/subscriptions/f644ce8c-6f31-4671-b02e-08f7945432e0/resourceGroups/tf_ResourceGroup/providers/Microsoft.Network/publicIPAddresses/bastion_ip",
                "subnet_id": "/subscriptions/f644ce8c-6f31-4671-b02e-08f7945432e0/resourceGroups/tf_ResourceGroup/providers/Microsoft.Network/virtualNetworks/tf-jamiegf-vnet/subnets/AzureBastionSubnet"
              }
            ],
            "ip_connect_enabled": false,
            "location": "uksouth",
            "name": "bastion_host",
            "resource_group_name": "tf_ResourceGroup",
            "scale_units": 2,
            "shareable_link_enabled": false,
            "sku": "Basic",
            "tags": null,
            "timeouts": null,
            "tunneling_enabled": false
          },
          "sensitive_attributes": [],
          "private": "eyJlMmJmYjczMC1lY2FhLTExZTYtOGY4OC0zNDM2M2JjN2M0YzAiOnsiY3JlYXRlIjoxODAwMDAwMDAwMDAwLCJkZWxldGUiOjE4MDAwMDAwMDAwMDAsInJlYWQiOjMwMDAwMDAwMDAwMCwidXBkYXRlIjoxODAwMDAwMDAwMDAwfX0=",
          "dependencies": [
            "module.vnet.azurerm_public_ip.bastion_ip",
            "module.vnet.azurerm_resource_group.rg",
            "module.vnet.azurerm_subnet.AzureBastionSubnet",
            "module.vnet.azurerm_virtual_network.vnet"
          ]
        }
      ]
    },
    {
      "module": "module.vnet",
      "mode": "managed",
      "type": "azurerm_nat_gateway",
      "name": "ngw",
      "provider": "provider[\"registry.terraform.io/hashicorp/azurerm\"]",
      "instances": [
        {
          "schema_version": 0,
          "attributes": {
            "id": "/subscriptions/f644ce8c-6f31-4671-b02e-08f7945432e0/resourceGroups/tf_ResourceGroup/providers/Microsoft.Network/natGateways/tf-natgateway",
            "idle_timeout_in_minutes": 10,
            "location": "uksouth",
            "name": "tf-natgateway",
            "resource_group_name": "tf_ResourceGroup",
            "resource_guid": "abc53185-1c7f-4fef-bf42-fe627065b86a",
            "sku_name": "Standard",
            "tags": {},
            "timeouts": null,
            "zones": []
          },
          "sensitive_attributes": [],
          "private": "eyJlMmJmYjczMC1lY2FhLTExZTYtOGY4OC0zNDM2M2JjN2M0YzAiOnsiY3JlYXRlIjozNjAwMDAwMDAwMDAwLCJkZWxldGUiOjM2MDAwMDAwMDAwMDAsInJlYWQiOjMwMDAwMDAwMDAwMCwidXBkYXRlIjozNjAwMDAwMDAwMDAwfX0=",
          "dependencies": [
            "module.vnet.azurerm_resource_group.rg"
          ]
        }
      ]
    },
    {
      "module": "module.vnet",
      "mode": "managed",
      "type": "azurerm_nat_gateway_public_ip_association",
      "name": "ngw_ngw_ip_association",
      "provider": "provider[\"registry.terraform.io/hashicorp/azurerm\"]",
      "instances": [
        {
          "schema_version": 0,
          "attributes": {
            "id": "/subscriptions/f644ce8c-6f31-4671-b02e-08f7945432e0/resourceGroups/tf_ResourceGroup/providers/Microsoft.Network/natGateways/tf-natgateway|/subscriptions/f644ce8c-6f31-4671-b02e-08f7945432e0/resourceGroups/tf_ResourceGroup/providers/Microsoft.Network/publicIPAddresses/nat-gateway-publicIP",
            "nat_gateway_id": "/subscriptions/f644ce8c-6f31-4671-b02e-08f7945432e0/resourceGroups/tf_ResourceGroup/providers/Microsoft.Network/natGateways/tf-natgateway",
            "public_ip_address_id": "/subscriptions/f644ce8c-6f31-4671-b02e-08f7945432e0/resourceGroups/tf_ResourceGroup/providers/Microsoft.Network/publicIPAddresses/nat-gateway-publicIP",
            "timeouts": null
          },
          "sensitive_attributes": [],
          "private": "eyJlMmJmYjczMC1lY2FhLTExZTYtOGY4OC0zNDM2M2JjN2M0YzAiOnsiY3JlYXRlIjoxODAwMDAwMDAwMDAwLCJkZWxldGUiOjE4MDAwMDAwMDAwMDAsInJlYWQiOjMwMDAwMDAwMDAwMH19",
          "dependencies": [
            "module.vnet.azurerm_nat_gateway.ngw",
            "module.vnet.azurerm_public_ip.ngw_ip",
            "module.vnet.azurerm_resource_group.rg"
          ]
        }
      ]
    },
    {
      "module": "module.vnet",
      "mode": "managed",
      "type": "azurerm_public_ip",
      "name": "bastion_ip",
      "provider": "provider[\"registry.terraform.io/hashicorp/azurerm\"]",
      "instances": [
        {
          "schema_version": 0,
          "attributes": {
            "allocation_method": "Static",
            "domain_name_label": null,
            "edge_zone": "",
            "fqdn": null,
            "id": "/subscriptions/f644ce8c-6f31-4671-b02e-08f7945432e0/resourceGroups/tf_ResourceGroup/providers/Microsoft.Network/publicIPAddresses/bastion_ip",
            "idle_timeout_in_minutes": 4,
            "ip_address": "172.167.184.9",
            "ip_tags": {},
            "ip_version": "IPv4",
            "location": "uksouth",
            "name": "bastion_ip",
            "public_ip_prefix_id": null,
            "resource_group_name": "tf_ResourceGroup",
            "reverse_fqdn": null,
            "sku": "Standard",
            "sku_tier": "Regional",
            "tags": {},
            "timeouts": null,
            "zones": []
          },
          "sensitive_attributes": [],
          "private": "eyJlMmJmYjczMC1lY2FhLTExZTYtOGY4OC0zNDM2M2JjN2M0YzAiOnsiY3JlYXRlIjoxODAwMDAwMDAwMDAwLCJkZWxldGUiOjE4MDAwMDAwMDAwMDAsInJlYWQiOjMwMDAwMDAwMDAwMCwidXBkYXRlIjoxODAwMDAwMDAwMDAwfX0=",
          "dependencies": [
            "module.vnet.azurerm_resource_group.rg"
          ]
        }
      ]
    },
    {
      "module": "module.vnet",
      "mode": "managed",
      "type": "azurerm_public_ip",
      "name": "ngw_ip",
      "provider": "provider[\"registry.terraform.io/hashicorp/azurerm\"]",
      "instances": [
        {
          "schema_version": 0,
          "attributes": {
            "allocation_method": "Static",
            "domain_name_label": null,
            "edge_zone": "",
            "fqdn": null,
            "id": "/subscriptions/f644ce8c-6f31-4671-b02e-08f7945432e0/resourceGroups/tf_ResourceGroup/providers/Microsoft.Network/publicIPAddresses/nat-gateway-publicIP",
            "idle_timeout_in_minutes": 4,
            "ip_address": "172.167.184.13",
            "ip_tags": {},
            "ip_version": "IPv4",
            "location": "uksouth",
            "name": "nat-gateway-publicIP",
            "public_ip_prefix_id": null,
            "resource_group_name": "tf_ResourceGroup",
            "reverse_fqdn": null,
            "sku": "Standard",
            "sku_tier": "Regional",
            "tags": {},
            "timeouts": null,
            "zones": []
          },
          "sensitive_attributes": [],
          "private": "eyJlMmJmYjczMC1lY2FhLTExZTYtOGY4OC0zNDM2M2JjN2M0YzAiOnsiY3JlYXRlIjoxODAwMDAwMDAwMDAwLCJkZWxldGUiOjE4MDAwMDAwMDAwMDAsInJlYWQiOjMwMDAwMDAwMDAwMCwidXBkYXRlIjoxODAwMDAwMDAwMDAwfX0=",
          "dependencies": [
            "module.vnet.azurerm_resource_group.rg"
          ]
        }
      ]
    },
    {
      "module": "module.vnet",
      "mode": "managed",
      "type": "azurerm_resource_group",
      "name": "rg",
      "provider": "provider[\"registry.terraform.io/hashicorp/azurerm\"]",
      "instances": [
        {
          "schema_version": 0,
          "attributes": {
            "id": "/subscriptions/f644ce8c-6f31-4671-b02e-08f7945432e0/resourceGroups/tf_ResourceGroup",
            "location": "uksouth",
            "name": "tf_ResourceGroup",
            "tags": {
              "Environment": "Terraform jamiegf environment",
              "Team": "DevOps"
            },
            "timeouts": null
          },
          "sensitive_attributes": [],
          "private": "eyJlMmJmYjczMC1lY2FhLTExZTYtOGY4OC0zNDM2M2JjN2M0YzAiOnsiY3JlYXRlIjo1NDAwMDAwMDAwMDAwLCJkZWxldGUiOjU0MDAwMDAwMDAwMDAsInJlYWQiOjMwMDAwMDAwMDAwMCwidXBkYXRlIjo1NDAwMDAwMDAwMDAwfX0="
        }
      ]
    },
    {
      "module": "module.vnet",
      "mode": "managed",
      "type": "azurerm_subnet",
      "name": "AzureBastionSubnet",
      "provider": "provider[\"registry.terraform.io/hashicorp/azurerm\"]",
      "instances": [
        {
          "schema_version": 0,
          "attributes": {
            "address_prefixes": [
              "10.0.55.0/24"
            ],
            "delegation": [],
            "enforce_private_link_endpoint_network_policies": false,
            "enforce_private_link_service_network_policies": false,
            "id": "/subscriptions/f644ce8c-6f31-4671-b02e-08f7945432e0/resourceGroups/tf_ResourceGroup/providers/Microsoft.Network/virtualNetworks/tf-jamiegf-vnet/subnets/AzureBastionSubnet",
            "name": "AzureBastionSubnet",
            "resource_group_name": "tf_ResourceGroup",
            "service_endpoint_policy_ids": null,
            "service_endpoints": null,
            "timeouts": null,
            "virtual_network_name": "tf-jamiegf-vnet"
          },
          "sensitive_attributes": [],
          "private": "eyJlMmJmYjczMC1lY2FhLTExZTYtOGY4OC0zNDM2M2JjN2M0YzAiOnsiY3JlYXRlIjoxODAwMDAwMDAwMDAwLCJkZWxldGUiOjE4MDAwMDAwMDAwMDAsInJlYWQiOjMwMDAwMDAwMDAwMCwidXBkYXRlIjoxODAwMDAwMDAwMDAwfX0=",
          "dependencies": [
            "module.vnet.azurerm_resource_group.rg",
            "module.vnet.azurerm_virtual_network.vnet"
          ]
        }
      ]
    },
    {
      "module": "module.vnet",
      "mode": "managed",
      "type": "azurerm_subnet",
      "name": "main_subnet",
      "provider": "provider[\"registry.terraform.io/hashicorp/azurerm\"]",
      "instances": [
        {
          "schema_version": 0,
          "attributes": {
            "address_prefixes": [
              "10.0.1.0/24"
            ],
            "delegation": [],
            "enforce_private_link_endpoint_network_policies": false,
            "enforce_private_link_service_network_policies": false,
            "id": "/subscriptions/f644ce8c-6f31-4671-b02e-08f7945432e0/resourceGroups/tf_ResourceGroup/providers/Microsoft.Network/virtualNetworks/tf-jamiegf-vnet/subnets/tf_main_subnet",
            "name": "tf_main_subnet",
            "resource_group_name": "tf_ResourceGroup",
            "service_endpoint_policy_ids": [],
            "service_endpoints": [],
            "timeouts": null,
            "virtual_network_name": "tf-jamiegf-vnet"
          },
          "sensitive_attributes": [],
          "private": "eyJlMmJmYjczMC1lY2FhLTExZTYtOGY4OC0zNDM2M2JjN2M0YzAiOnsiY3JlYXRlIjoxODAwMDAwMDAwMDAwLCJkZWxldGUiOjE4MDAwMDAwMDAwMDAsInJlYWQiOjMwMDAwMDAwMDAwMCwidXBkYXRlIjoxODAwMDAwMDAwMDAwfX0=",
          "dependencies": [
            "module.vnet.azurerm_resource_group.rg",
            "module.vnet.azurerm_virtual_network.vnet"
          ]
        }
      ]
    },
    {
      "module": "module.vnet",
      "mode": "managed",
      "type": "azurerm_subnet",
      "name": "ss_subnet",
      "provider": "provider[\"registry.terraform.io/hashicorp/azurerm\"]",
      "instances": [
        {
          "schema_version": 0,
          "attributes": {
            "address_prefixes": [
              "10.0.7.0/24"
            ],
            "delegation": [],
            "enforce_private_link_endpoint_network_policies": false,
            "enforce_private_link_service_network_policies": false,
            "id": "/subscriptions/f644ce8c-6f31-4671-b02e-08f7945432e0/resourceGroups/tf_ResourceGroup/providers/Microsoft.Network/virtualNetworks/tf-jamiegf-vnet/subnets/tf_scale_set_subnet",
            "name": "tf_scale_set_subnet",
            "resource_group_name": "tf_ResourceGroup",
            "service_endpoint_policy_ids": [],
            "service_endpoints": [],
            "timeouts": null,
            "virtual_network_name": "tf-jamiegf-vnet"
          },
          "sensitive_attributes": [],
          "private": "eyJlMmJmYjczMC1lY2FhLTExZTYtOGY4OC0zNDM2M2JjN2M0YzAiOnsiY3JlYXRlIjoxODAwMDAwMDAwMDAwLCJkZWxldGUiOjE4MDAwMDAwMDAwMDAsInJlYWQiOjMwMDAwMDAwMDAwMCwidXBkYXRlIjoxODAwMDAwMDAwMDAwfX0=",
          "dependencies": [
            "module.vnet.azurerm_resource_group.rg",
            "module.vnet.azurerm_virtual_network.vnet"
          ]
        }
      ]
    },
    {
      "module": "module.vnet",
      "mode": "managed",
      "type": "azurerm_subnet_nat_gateway_association",
      "name": "main_subnet_association",
      "provider": "provider[\"registry.terraform.io/hashicorp/azurerm\"]",
      "instances": [
        {
          "schema_version": 0,
          "attributes": {
            "id": "/subscriptions/f644ce8c-6f31-4671-b02e-08f7945432e0/resourceGroups/tf_ResourceGroup/providers/Microsoft.Network/virtualNetworks/tf-jamiegf-vnet/subnets/tf_main_subnet",
            "nat_gateway_id": "/subscriptions/f644ce8c-6f31-4671-b02e-08f7945432e0/resourceGroups/tf_ResourceGroup/providers/Microsoft.Network/natGateways/tf-natgateway",
            "subnet_id": "/subscriptions/f644ce8c-6f31-4671-b02e-08f7945432e0/resourceGroups/tf_ResourceGroup/providers/Microsoft.Network/virtualNetworks/tf-jamiegf-vnet/subnets/tf_main_subnet",
            "timeouts": null
          },
          "sensitive_attributes": [],
          "private": "eyJlMmJmYjczMC1lY2FhLTExZTYtOGY4OC0zNDM2M2JjN2M0YzAiOnsiY3JlYXRlIjoxODAwMDAwMDAwMDAwLCJkZWxldGUiOjE4MDAwMDAwMDAwMDAsInJlYWQiOjMwMDAwMDAwMDAwMCwidXBkYXRlIjoxODAwMDAwMDAwMDAwfX0=",
          "dependencies": [
            "module.vnet.azurerm_nat_gateway.ngw",
            "module.vnet.azurerm_resource_group.rg",
            "module.vnet.azurerm_subnet.main_subnet",
            "module.vnet.azurerm_virtual_network.vnet"
          ]
        }
      ]
    },
    {
      "module": "module.vnet",
      "mode": "managed",
      "type": "azurerm_subnet_nat_gateway_association",
      "name": "ss_subnet_association",
      "provider": "provider[\"registry.terraform.io/hashicorp/azurerm\"]",
      "instances": [
        {
          "schema_version": 0,
          "attributes": {
            "id": "/subscriptions/f644ce8c-6f31-4671-b02e-08f7945432e0/resourceGroups/tf_ResourceGroup/providers/Microsoft.Network/virtualNetworks/tf-jamiegf-vnet/subnets/tf_scale_set_subnet",
            "nat_gateway_id": "/subscriptions/f644ce8c-6f31-4671-b02e-08f7945432e0/resourceGroups/tf_ResourceGroup/providers/Microsoft.Network/natGateways/tf-natgateway",
            "subnet_id": "/subscriptions/f644ce8c-6f31-4671-b02e-08f7945432e0/resourceGroups/tf_ResourceGroup/providers/Microsoft.Network/virtualNetworks/tf-jamiegf-vnet/subnets/tf_scale_set_subnet",
            "timeouts": null
          },
          "sensitive_attributes": [],
          "private": "eyJlMmJmYjczMC1lY2FhLTExZTYtOGY4OC0zNDM2M2JjN2M0YzAiOnsiY3JlYXRlIjoxODAwMDAwMDAwMDAwLCJkZWxldGUiOjE4MDAwMDAwMDAwMDAsInJlYWQiOjMwMDAwMDAwMDAwMCwidXBkYXRlIjoxODAwMDAwMDAwMDAwfX0=",
          "dependencies": [
            "module.vnet.azurerm_nat_gateway.ngw",
            "module.vnet.azurerm_resource_group.rg",
            "module.vnet.azurerm_subnet.ss_subnet",
            "module.vnet.azurerm_virtual_network.vnet"
          ]
        }
      ]
    },
    {
      "module": "module.vnet",
      "mode": "managed",
      "type": "azurerm_virtual_network",
      "name": "vnet",
      "provider": "provider[\"registry.terraform.io/hashicorp/azurerm\"]",
      "instances": [
        {
          "schema_version": 0,
          "attributes": {
            "address_space": [
              "10.0.0.0/16"
            ],
            "bgp_community": "",
            "ddos_protection_plan": [],
            "dns_servers": [],
            "edge_zone": "",
            "flow_timeout_in_minutes": 0,
            "guid": "fca87a51-b0a5-42fc-be7b-84208231c688",
            "id": "/subscriptions/f644ce8c-6f31-4671-b02e-08f7945432e0/resourceGroups/tf_ResourceGroup/providers/Microsoft.Network/virtualNetworks/tf-jamiegf-vnet",
            "location": "uksouth",
            "name": "tf-jamiegf-vnet",
            "resource_group_name": "tf_ResourceGroup",
            "subnet": [
              {
                "address_prefix": "10.0.1.0/24",
                "id": "/subscriptions/f644ce8c-6f31-4671-b02e-08f7945432e0/resourceGroups/tf_ResourceGroup/providers/Microsoft.Network/virtualNetworks/tf-jamiegf-vnet/subnets/tf_main_subnet",
                "name": "tf_main_subnet",
                "security_group": ""
              },
              {
                "address_prefix": "10.0.55.0/24",
                "id": "/subscriptions/f644ce8c-6f31-4671-b02e-08f7945432e0/resourceGroups/tf_ResourceGroup/providers/Microsoft.Network/virtualNetworks/tf-jamiegf-vnet/subnets/bastion_subnet",
                "name": "bastion_subnet",
                "security_group": ""
              },
              {
                "address_prefix": "10.0.7.0/24",
                "id": "/subscriptions/f644ce8c-6f31-4671-b02e-08f7945432e0/resourceGroups/tf_ResourceGroup/providers/Microsoft.Network/virtualNetworks/tf-jamiegf-vnet/subnets/tf_scale_set_subnet",
                "name": "tf_scale_set_subnet",
                "security_group": ""
              }
            ],
            "tags": {},
            "timeouts": null
          },
          "sensitive_attributes": [],
          "private": "eyJlMmJmYjczMC1lY2FhLTExZTYtOGY4OC0zNDM2M2JjN2M0YzAiOnsiY3JlYXRlIjoxODAwMDAwMDAwMDAwLCJkZWxldGUiOjE4MDAwMDAwMDAwMDAsInJlYWQiOjMwMDAwMDAwMDAwMCwidXBkYXRlIjoxODAwMDAwMDAwMDAwfX0=",
          "dependencies": [
            "module.vnet.azurerm_resource_group.rg"
          ]
        }
      ]
    }
  ],
  "check_results": null
}
