{
  "version": 4,
  "terraform_version": "1.0.11",
  "serial": 3,
  "lineage": "8be8f69c-3aa1-3007-81c4-f598156f83be",
  "outputs": {},
  "resources": [
    {
      "mode": "managed",
      "type": "aws_instance",
      "name": "PRD-R3al-WEB1",
      "provider": "provider[\"registry.terraform.io/hashicorp/aws\"]",
      "instances": [
        {
          "schema_version": 1,
          "attributes": {
            "ami": "ami-0015a39e4b7c0966f",
            "arn": "arn:aws:ec2:eu-west-2:320085357126:instance/i-01f92196847109341",
            "associate_public_ip_address": true,
            "availability_zone": "eu-west-2a",
            "capacity_reservation_specification": [
              {
                "capacity_reservation_preference": "open",
                "capacity_reservation_target": []
              }
            ],
            "cpu_core_count": 1,
            "cpu_threads_per_core": 1,
            "credit_specification": [
              {
                "cpu_credits": "standard"
              }
            ],
            "disable_api_termination": true,
            "ebs_block_device": [],
            "ebs_optimized": false,
            "enclave_options": [
              {
                "enabled": false
              }
            ],
            "ephemeral_block_device": [],
            "get_password_data": false,
            "hibernation": false,
            "host_id": null,
            "iam_instance_profile": "Miomni-Sys-Man-Role",
            "id": "i-01f92196847109341",
            "instance_initiated_shutdown_behavior": "stop",
            "instance_state": "running",
            "instance_type": "t2.small",
            "ipv6_address_count": 0,
            "ipv6_addresses": [],
            "key_name": "Miomni-Prod",
            "launch_template": [],
            "metadata_options": [
              {
                "http_endpoint": "enabled",
                "http_put_response_hop_limit": 1,
                "http_tokens": "optional",
                "instance_metadata_tags": "disabled"
              }
            ],
            "monitoring": false,
            "network_interface": [],
            "outpost_arn": "",
            "password_data": "",
            "placement_group": "",
            "placement_partition_number": null,
            "primary_network_interface_id": "eni-029a2c46913d0cb9f",
            "private_dns": "ip-10-160-1-153.eu-west-2.compute.internal",
            "private_ip": "10.160.1.153",
            "public_dns": "ec2-18-134-245-106.eu-west-2.compute.amazonaws.com",
            "public_ip": "18.134.245.106",
            "root_block_device": [
              {
                "delete_on_termination": true,
                "device_name": "/dev/sda1",
                "encrypted": false,
                "iops": 100,
                "kms_key_id": "",
                "tags": {},
                "throughput": 0,
                "volume_id": "vol-05b398f8c6c7b2b55",
                "volume_size": 8,
                "volume_type": "gp2"
              }
            ],
            "secondary_private_ips": [],
            "security_groups": [],
            "source_dest_check": true,
            "subnet_id": "subnet-07dd807442f2f5bce",
            "tags": {
              "Environment": "PRD",
              "Name": "PRD-R3al-WEB1"
            },
            "tags_all": {
              "Environment": "PRD",
              "Name": "PRD-R3al-WEB1"
            },
            "tenancy": "default",
            "timeouts": null,
            "user_data": null,
            "user_data_base64": null,
            "volume_tags": {
              "Environment": "PRD",
              "Name": "PRD-R3al-WEB1",
              "SnapShot-Backup": "Daily-once"
            },
            "vpc_security_group_ids": [
              "sg-03cfbd539b31d4d25"
            ]
          },
          "sensitive_attributes": [],
          "private": "eyJlMmJmYjczMC1lY2FhLTExZTYtOGY4OC0zNDM2M2JjN2M0YzAiOnsiY3JlYXRlIjo2MDAwMDAwMDAwMDAsImRlbGV0ZSI6MTIwMDAwMDAwMDAwMCwidXBkYXRlIjo2MDAwMDAwMDAwMDB9LCJzY2hlbWFfdmVyc2lvbiI6IjEifQ=="
        }
      ]
    }
  ]
}
