{
  "version": 4,
  "terraform_version": "1.0.11",
  "serial": 6,
  "lineage": "57a0f734-1f1c-5c32-d9c6-1612e2c4411f",
  "outputs": {},
  "resources": [
    {
      "mode": "managed",
      "type": "aws_security_group",
      "name": "allow_jamiegf_temp",
      "provider": "provider[\"registry.terraform.io/hashicorp/aws\"]",
      "instances": [
        {
          "schema_version": 1,
          "attributes": {
            "arn": "arn:aws:ec2:us-west-1:320085357126:security-group/sg-0fd0c12c493610e69",
            "description": "Allow jamiegf SSH inbound traffic",
            "egress": [
              {
                "cidr_blocks": [
                  "0.0.0.0/0"
                ],
                "description": "",
                "from_port": 0,
                "ipv6_cidr_blocks": [
                  "::/0"
                ],
                "prefix_list_ids": [],
                "protocol": "-1",
                "security_groups": [],
                "self": false,
                "to_port": 0
              }
            ],
            "id": "sg-0fd0c12c493610e69",
            "ingress": [
              {
                "cidr_blocks": [
                  "81.174.157.230/32"
                ],
                "description": "SSH from Jamiegf",
                "from_port": 22,
                "ipv6_cidr_blocks": [],
                "prefix_list_ids": [],
                "protocol": "tcp",
                "security_groups": [],
                "self": false,
                "to_port": 22
              }
            ],
            "name": "allow_jamiegf",
            "name_prefix": "",
            "owner_id": "320085357126",
            "revoke_rules_on_delete": false,
            "tags": {
              "Name": "allow_jamiegf_temp"
            },
            "tags_all": {
              "Name": "allow_jamiegf_temp"
            },
            "timeouts": null,
            "vpc_id": "vpc-00f7d24b20dd95363"
          },
          "sensitive_attributes": [],
          "private": "eyJlMmJmYjczMC1lY2FhLTExZTYtOGY4OC0zNDM2M2JjN2M0YzAiOnsiY3JlYXRlIjo2MDAwMDAwMDAwMDAsImRlbGV0ZSI6OTAwMDAwMDAwMDAwfSwic2NoZW1hX3ZlcnNpb24iOiIxIn0="
        }
      ]
    }
  ]
}
