{
  "version": 4,
  "terraform_version": "1.0.1",
  "serial": 4,
  "lineage": "d0197a0c-cb45-e76f-56ac-deb5fa815d65",
  "outputs": {},
  "resources": [
    {
      "mode": "managed",
      "type": "aws_ami_from_instance",
      "name": "Clone_Dev-Cloud",
      "provider": "provider[\"registry.terraform.io/hashicorp/aws\"]",
      "instances": [
        {
          "schema_version": 0,
          "attributes": {
            "architecture": "x86_64",
            "arn": "arn:aws:ec2:eu-west-2::image/ami-0990907ef405087ef",
            "description": "",
            "ebs_block_device": [
              {
                "delete_on_termination": false,
                "device_name": "/dev/sda1",
                "encrypted": false,
                "iops": 0,
                "snapshot_id": "snap-0dab070c0df9d00b5",
                "throughput": 0,
                "volume_size": 40,
                "volume_type": "gp2"
              }
            ],
            "ena_support": true,
            "ephemeral_block_device": [],
            "hypervisor": "xen",
            "id": "ami-0990907ef405087ef",
            "image_location": "320085357126/Clone_Dev-Cloud",
            "image_owner_alias": "",
            "image_type": "machine",
            "kernel_id": "",
            "manage_ebs_snapshots": true,
            "name": "Clone_Dev-Cloud",
            "owner_id": "320085357126",
            "platform": "",
            "platform_details": "Linux/UNIX",
            "public": false,
            "ramdisk_id": "",
            "root_device_name": "/dev/sda1",
            "root_snapshot_id": "snap-0dab070c0df9d00b5",
            "snapshot_without_reboot": null,
            "source_instance_id": "i-0dedf7fe99063bc73",
            "sriov_net_support": "simple",
            "tags": {
              "Name": "Clone_Dev-Cloud"
            },
            "tags_all": {
              "Name": "Clone_Dev-Cloud"
            },
            "timeouts": null,
            "usage_operation": "RunInstances",
            "virtualization_type": "hvm"
          },
          "sensitive_attributes": [],
          "private": "eyJlMmJmYjczMC1lY2FhLTExZTYtOGY4OC0zNDM2M2JjN2M0YzAiOnsiY3JlYXRlIjoyNDAwMDAwMDAwMDAwLCJkZWxldGUiOjU0MDAwMDAwMDAwMDAsInVwZGF0ZSI6MjQwMDAwMDAwMDAwMH19"
        }
      ]
    },
    {
      "mode": "managed",
      "type": "aws_eip_association",
      "name": "DEV-MiB2C-APP1",
      "provider": "provider[\"registry.terraform.io/hashicorp/aws\"]",
      "instances": [
        {
          "schema_version": 0,
          "attributes": {
            "allocation_id": "eipalloc-0d4a7884f403aa5bc",
            "allow_reassociation": null,
            "id": "eipassoc-08de87f82edf4cc4e",
            "instance_id": "i-05804a063b794a3a0",
            "network_interface_id": "eni-022d7ae9b530b8cbc",
            "private_ip_address": "10.130.1.103",
            "public_ip": "3.11.111.170"
          },
          "sensitive_attributes": [],
          "private": "bnVsbA==",
          "dependencies": [
            "aws_ami_from_instance.Clone_Dev-Cloud",
            "aws_instance.DEV-MiB2C-APP1"
          ]
        }
      ]
    },
    {
      "mode": "managed",
      "type": "aws_instance",
      "name": "DEV-MiB2C-APP1",
      "provider": "provider[\"registry.terraform.io/hashicorp/aws\"]",
      "instances": [
        {
          "schema_version": 1,
          "attributes": {
            "ami": "ami-0990907ef405087ef",
            "arn": "arn:aws:ec2:eu-west-2:320085357126:instance/i-05804a063b794a3a0",
            "associate_public_ip_address": true,
            "availability_zone": "eu-west-2a",
            "capacity_reservation_specification": [
              {
                "capacity_reservation_preference": "open",
                "capacity_reservation_target": []
              }
            ],
            "cpu_core_count": 1,
            "cpu_threads_per_core": 2,
            "credit_specification": [
              {
                "cpu_credits": "unlimited"
              }
            ],
            "disable_api_termination": true,
            "ebs_block_device": [],
            "ebs_optimized": false,
            "enclave_options": [
              {
                "enabled": false
              }
            ],
            "ephemeral_block_device": [],
            "get_password_data": false,
            "hibernation": false,
            "host_id": null,
            "iam_instance_profile": "Miomni-Sys-Man-Role",
            "id": "i-05804a063b794a3a0",
            "instance_initiated_shutdown_behavior": "stop",
            "instance_state": "running",
            "instance_type": "t3.small",
            "ipv6_address_count": 0,
            "ipv6_addresses": [],
            "key_name": "Miomni-Dev",
            "metadata_options": [
              {
                "http_endpoint": "enabled",
                "http_put_response_hop_limit": 1,
                "http_tokens": "optional"
              }
            ],
            "monitoring": false,
            "network_interface": [],
            "outpost_arn": "",
            "password_data": "",
            "placement_group": "",
            "primary_network_interface_id": "eni-022d7ae9b530b8cbc",
            "private_dns": "ip-10-130-1-103.eu-west-2.compute.internal",
            "private_ip": "10.130.1.103",
            "public_dns": "ec2-35-179-77-26.eu-west-2.compute.amazonaws.com",
            "public_ip": "35.179.77.26",
            "root_block_device": [
              {
                "delete_on_termination": false,
                "device_name": "/dev/sda1",
                "encrypted": false,
                "iops": 120,
                "kms_key_id": "",
                "tags": {},
                "throughput": 0,
                "volume_id": "vol-07b90c6648ad4cbd7",
                "volume_size": 40,
                "volume_type": "gp2"
              }
            ],
            "secondary_private_ips": [],
            "security_groups": [],
            "source_dest_check": true,
            "subnet_id": "subnet-016803066ec73fa2c",
            "tags": {
              "Environment": "DEV",
              "Name": "DEV-MiB2C-APP1",
              "Schedule": "uk-office-hours",
              "schedstarted": "true"
            },
            "tags_all": {
              "Environment": "DEV",
              "Name": "DEV-MiB2C-APP1",
              "Schedule": "uk-office-hours",
              "schedstarted": "true"
            },
            "tenancy": "default",
            "timeouts": null,
            "user_data": null,
            "user_data_base64": null,
            "volume_tags": {
              "Environment": "DEV"
            },
            "vpc_security_group_ids": [
              "sg-0762fba3326d86f11",
              "sg-0c4eec81073e964b7"
            ]
          },
          "sensitive_attributes": [],
          "private": "eyJlMmJmYjczMC1lY2FhLTExZTYtOGY4OC0zNDM2M2JjN2M0YzAiOnsiY3JlYXRlIjo2MDAwMDAwMDAwMDAsImRlbGV0ZSI6MTIwMDAwMDAwMDAwMCwidXBkYXRlIjo2MDAwMDAwMDAwMDB9LCJzY2hlbWFfdmVyc2lvbiI6IjEifQ==",
          "dependencies": [
            "aws_ami_from_instance.Clone_Dev-Cloud"
          ]
        }
      ]
    }
  ]
}
